// !$*UTF8*$!
{
	archiveVersion = 1;
	classes = {
	};
	objectVersion = 46;
	objects = {

/* Begin PBXBuildFile section */
		0F94C76E144E1E4FD25B1F25 /* Pods_EatUps.framework in Frameworks */ = {isa = PBXBuildFile; fileRef = 73F38D920ADFD5A052C30A17 /* Pods_EatUps.framework */; };
		2032ACBF1F1548FA00A4015C /* AppDelegate.swift in Sources */ = {isa = PBXBuildFile; fileRef = 2032ACBE1F1548FA00A4015C /* AppDelegate.swift */; };
		2032ACC11F1548FA00A4015C /* ViewController.swift in Sources */ = {isa = PBXBuildFile; fileRef = 2032ACC01F1548FA00A4015C /* ViewController.swift */; };
		2032ACC41F1548FA00A4015C /* Main.storyboard in Resources */ = {isa = PBXBuildFile; fileRef = 2032ACC21F1548FA00A4015C /* Main.storyboard */; };
		2032ACC61F1548FA00A4015C /* Assets.xcassets in Resources */ = {isa = PBXBuildFile; fileRef = 2032ACC51F1548FA00A4015C /* Assets.xcassets */; };
		2032ACC91F1548FA00A4015C /* LaunchScreen.storyboard in Resources */ = {isa = PBXBuildFile; fileRef = 2032ACC71F1548FA00A4015C /* LaunchScreen.storyboard */; };
		2032ACD41F1548FA00A4015C /* EatUpsTests.swift in Sources */ = {isa = PBXBuildFile; fileRef = 2032ACD31F1548FA00A4015C /* EatUpsTests.swift */; };
		2032ACDF1F1548FA00A4015C /* EatUpsUITests.swift in Sources */ = {isa = PBXBuildFile; fileRef = 2032ACDE1F1548FA00A4015C /* EatUpsUITests.swift */; };
		75A55747BDE7F64C8E34B403 /* Pods_EatUpsTests.framework in Frameworks */ = {isa = PBXBuildFile; fileRef = 3949A7A3F71F1417454C007A /* Pods_EatUpsTests.framework */; };
		888AB7688257CE444F2A3225 /* Pods_EatUpsUITests.framework in Frameworks */ = {isa = PBXBuildFile; fileRef = 2A88B9A60B7A635EB5F03418 /* Pods_EatUpsUITests.framework */; };
		D8A82FE71F154FC80053C1A1 /* LoginViewController.swift in Sources */ = {isa = PBXBuildFile; fileRef = D8A82FE61F154FC80053C1A1 /* LoginViewController.swift */; };
		D8A82FE91F1550730053C1A1 /* SignUpViewController.swift in Sources */ = {isa = PBXBuildFile; fileRef = D8A82FE81F1550730053C1A1 /* SignUpViewController.swift */; };
		D8A82FEC1F1552A40053C1A1 /* SelectLocationViewController.swift in Sources */ = {isa = PBXBuildFile; fileRef = D8A82FEB1F1552A40053C1A1 /* SelectLocationViewController.swift */; };
		D8A82FEE1F1553550053C1A1 /* UserFeedViewController.swift in Sources */ = {isa = PBXBuildFile; fileRef = D8A82FED1F1553550053C1A1 /* UserFeedViewController.swift */; };
		D8A82FF01F1554AF0053C1A1 /* SendInviteViewController.swift in Sources */ = {isa = PBXBuildFile; fileRef = D8A82FEF1F1554AF0053C1A1 /* SendInviteViewController.swift */; };
		D8A82FF21F1555DE0053C1A1 /* ResponseViewController.swift in Sources */ = {isa = PBXBuildFile; fileRef = D8A82FF11F1555DE0053C1A1 /* ResponseViewController.swift */; };
		D8A82FF41F1573680053C1A1 /* ReceivedInviteViewController.swift in Sources */ = {isa = PBXBuildFile; fileRef = D8A82FF31F1573680053C1A1 /* ReceivedInviteViewController.swift */; };
		D8A82FF61F1575800053C1A1 /* RatingViewController.swift in Sources */ = {isa = PBXBuildFile; fileRef = D8A82FF51F1575800053C1A1 /* RatingViewController.swift */; };
/* End PBXBuildFile section */

/* Begin PBXContainerItemProxy section */
		2032ACD01F1548FA00A4015C /* PBXContainerItemProxy */ = {
			isa = PBXContainerItemProxy;
			containerPortal = 2032ACB31F1548FA00A4015C /* Project object */;
			proxyType = 1;
			remoteGlobalIDString = 2032ACBA1F1548FA00A4015C;
			remoteInfo = EatUps;
		};
		2032ACDB1F1548FA00A4015C /* PBXContainerItemProxy */ = {
			isa = PBXContainerItemProxy;
			containerPortal = 2032ACB31F1548FA00A4015C /* Project object */;
			proxyType = 1;
			remoteGlobalIDString = 2032ACBA1F1548FA00A4015C;
			remoteInfo = EatUps;
		};
/* End PBXContainerItemProxy section */

/* Begin PBXFileReference section */
		1312C3651A0BED44631D9496 /* Pods-EatUpsUITests.debug.xcconfig */ = {isa = PBXFileReference; includeInIndex = 1; lastKnownFileType = text.xcconfig; name = "Pods-EatUpsUITests.debug.xcconfig"; path = "Pods/Target Support Files/Pods-EatUpsUITests/Pods-EatUpsUITests.debug.xcconfig"; sourceTree = "<group>"; };
		2032ACBB1F1548FA00A4015C /* EatUps.app */ = {isa = PBXFileReference; explicitFileType = wrapper.application; includeInIndex = 0; path = EatUps.app; sourceTree = BUILT_PRODUCTS_DIR; };
		2032ACBE1F1548FA00A4015C /* AppDelegate.swift */ = {isa = PBXFileReference; lastKnownFileType = sourcecode.swift; path = AppDelegate.swift; sourceTree = "<group>"; };
		2032ACC01F1548FA00A4015C /* ViewController.swift */ = {isa = PBXFileReference; lastKnownFileType = sourcecode.swift; path = ViewController.swift; sourceTree = "<group>"; };
		2032ACC31F1548FA00A4015C /* Base */ = {isa = PBXFileReference; lastKnownFileType = file.storyboard; name = Base; path = Base.lproj/Main.storyboard; sourceTree = "<group>"; };
		2032ACC51F1548FA00A4015C /* Assets.xcassets */ = {isa = PBXFileReference; lastKnownFileType = folder.assetcatalog; path = Assets.xcassets; sourceTree = "<group>"; };
		2032ACC81F1548FA00A4015C /* Base */ = {isa = PBXFileReference; lastKnownFileType = file.storyboard; name = Base; path = Base.lproj/LaunchScreen.storyboard; sourceTree = "<group>"; };
		2032ACCA1F1548FA00A4015C /* Info.plist */ = {isa = PBXFileReference; lastKnownFileType = text.plist.xml; path = Info.plist; sourceTree = "<group>"; };
		2032ACCF1F1548FA00A4015C /* EatUpsTests.xctest */ = {isa = PBXFileReference; explicitFileType = wrapper.cfbundle; includeInIndex = 0; path = EatUpsTests.xctest; sourceTree = BUILT_PRODUCTS_DIR; };
		2032ACD31F1548FA00A4015C /* EatUpsTests.swift */ = {isa = PBXFileReference; lastKnownFileType = sourcecode.swift; path = EatUpsTests.swift; sourceTree = "<group>"; };
		2032ACD51F1548FA00A4015C /* Info.plist */ = {isa = PBXFileReference; lastKnownFileType = text.plist.xml; path = Info.plist; sourceTree = "<group>"; };
		2032ACDA1F1548FA00A4015C /* EatUpsUITests.xctest */ = {isa = PBXFileReference; explicitFileType = wrapper.cfbundle; includeInIndex = 0; path = EatUpsUITests.xctest; sourceTree = BUILT_PRODUCTS_DIR; };
		2032ACDE1F1548FA00A4015C /* EatUpsUITests.swift */ = {isa = PBXFileReference; lastKnownFileType = sourcecode.swift; path = EatUpsUITests.swift; sourceTree = "<group>"; };
		2032ACE01F1548FA00A4015C /* Info.plist */ = {isa = PBXFileReference; lastKnownFileType = text.plist.xml; path = Info.plist; sourceTree = "<group>"; };
		2A88B9A60B7A635EB5F03418 /* Pods_EatUpsUITests.framework */ = {isa = PBXFileReference; explicitFileType = wrapper.framework; includeInIndex = 0; path = Pods_EatUpsUITests.framework; sourceTree = BUILT_PRODUCTS_DIR; };
		331F0F4EB1393E79451631DF /* Pods-EatUpsTests.release.xcconfig */ = {isa = PBXFileReference; includeInIndex = 1; lastKnownFileType = text.xcconfig; name = "Pods-EatUpsTests.release.xcconfig"; path = "Pods/Target Support Files/Pods-EatUpsTests/Pods-EatUpsTests.release.xcconfig"; sourceTree = "<group>"; };
		3949A7A3F71F1417454C007A /* Pods_EatUpsTests.framework */ = {isa = PBXFileReference; explicitFileType = wrapper.framework; includeInIndex = 0; path = Pods_EatUpsTests.framework; sourceTree = BUILT_PRODUCTS_DIR; };
		73F38D920ADFD5A052C30A17 /* Pods_EatUps.framework */ = {isa = PBXFileReference; explicitFileType = wrapper.framework; includeInIndex = 0; path = Pods_EatUps.framework; sourceTree = BUILT_PRODUCTS_DIR; };
		A955751D6AE92A169F4EEEB7 /* Pods-EatUpsTests.debug.xcconfig */ = {isa = PBXFileReference; includeInIndex = 1; lastKnownFileType = text.xcconfig; name = "Pods-EatUpsTests.debug.xcconfig"; path = "Pods/Target Support Files/Pods-EatUpsTests/Pods-EatUpsTests.debug.xcconfig"; sourceTree = "<group>"; };
		BC478D15D68514DC49ED3C59 /* Pods-EatUps.debug.xcconfig */ = {isa = PBXFileReference; includeInIndex = 1; lastKnownFileType = text.xcconfig; name = "Pods-EatUps.debug.xcconfig"; path = "Pods/Target Support Files/Pods-EatUps/Pods-EatUps.debug.xcconfig"; sourceTree = "<group>"; };
		D58244FF12EA8391989E4695 /* Pods-EatUpsUITests.release.xcconfig */ = {isa = PBXFileReference; includeInIndex = 1; lastKnownFileType = text.xcconfig; name = "Pods-EatUpsUITests.release.xcconfig"; path = "Pods/Target Support Files/Pods-EatUpsUITests/Pods-EatUpsUITests.release.xcconfig"; sourceTree = "<group>"; };
		D8A82FE61F154FC80053C1A1 /* LoginViewController.swift */ = {isa = PBXFileReference; fileEncoding = 4; lastKnownFileType = sourcecode.swift; path = LoginViewController.swift; sourceTree = "<group>"; };
		D8A82FE81F1550730053C1A1 /* SignUpViewController.swift */ = {isa = PBXFileReference; fileEncoding = 4; lastKnownFileType = sourcecode.swift; path = SignUpViewController.swift; sourceTree = "<group>"; };
		D8A82FEB1F1552A40053C1A1 /* SelectLocationViewController.swift */ = {isa = PBXFileReference; fileEncoding = 4; lastKnownFileType = sourcecode.swift; path = SelectLocationViewController.swift; sourceTree = "<group>"; };
		D8A82FED1F1553550053C1A1 /* UserFeedViewController.swift */ = {isa = PBXFileReference; fileEncoding = 4; lastKnownFileType = sourcecode.swift; path = UserFeedViewController.swift; sourceTree = "<group>"; };
		D8A82FEF1F1554AF0053C1A1 /* SendInviteViewController.swift */ = {isa = PBXFileReference; fileEncoding = 4; lastKnownFileType = sourcecode.swift; path = SendInviteViewController.swift; sourceTree = "<group>"; };
		D8A82FF11F1555DE0053C1A1 /* ResponseViewController.swift */ = {isa = PBXFileReference; fileEncoding = 4; lastKnownFileType = sourcecode.swift; path = ResponseViewController.swift; sourceTree = "<group>"; };
		D8A82FF31F1573680053C1A1 /* ReceivedInviteViewController.swift */ = {isa = PBXFileReference; fileEncoding = 4; lastKnownFileType = sourcecode.swift; path = ReceivedInviteViewController.swift; sourceTree = "<group>"; };
		D8A82FF51F1575800053C1A1 /* RatingViewController.swift */ = {isa = PBXFileReference; fileEncoding = 4; lastKnownFileType = sourcecode.swift; path = RatingViewController.swift; sourceTree = "<group>"; };
		E7D12FEC4E9F01F0EE5FEC0F /* Pods-EatUps.release.xcconfig */ = {isa = PBXFileReference; includeInIndex = 1; lastKnownFileType = text.xcconfig; name = "Pods-EatUps.release.xcconfig"; path = "Pods/Target Support Files/Pods-EatUps/Pods-EatUps.release.xcconfig"; sourceTree = "<group>"; };
/* End PBXFileReference section */

/* Begin PBXFrameworksBuildPhase section */
		2032ACB81F1548FA00A4015C /* Frameworks */ = {
			isa = PBXFrameworksBuildPhase;
			buildActionMask = 2147483647;
			files = (
				0F94C76E144E1E4FD25B1F25 /* Pods_EatUps.framework in Frameworks */,
			);
			runOnlyForDeploymentPostprocessing = 0;
		};
		2032ACCC1F1548FA00A4015C /* Frameworks */ = {
			isa = PBXFrameworksBuildPhase;
			buildActionMask = 2147483647;
			files = (
				75A55747BDE7F64C8E34B403 /* Pods_EatUpsTests.framework in Frameworks */,
			);
			runOnlyForDeploymentPostprocessing = 0;
		};
		2032ACD71F1548FA00A4015C /* Frameworks */ = {
			isa = PBXFrameworksBuildPhase;
			buildActionMask = 2147483647;
			files = (
				888AB7688257CE444F2A3225 /* Pods_EatUpsUITests.framework in Frameworks */,
			);
			runOnlyForDeploymentPostprocessing = 0;
		};
/* End PBXFrameworksBuildPhase section */

/* Begin PBXGroup section */
		2032ACB21F1548FA00A4015C = {
			isa = PBXGroup;
			children = (
				2032ACBD1F1548FA00A4015C /* EatUps */,
				2032ACD21F1548FA00A4015C /* EatUpsTests */,
				2032ACDD1F1548FA00A4015C /* EatUpsUITests */,
				2032ACBC1F1548FA00A4015C /* Products */,
				82057D0228C96807EBB7511E /* Pods */,
				BEC8669FB1BE6704A30C3DC8 /* Frameworks */,
			);
			sourceTree = "<group>";
		};
		2032ACBC1F1548FA00A4015C /* Products */ = {
			isa = PBXGroup;
			children = (
				2032ACBB1F1548FA00A4015C /* EatUps.app */,
				2032ACCF1F1548FA00A4015C /* EatUpsTests.xctest */,
				2032ACDA1F1548FA00A4015C /* EatUpsUITests.xctest */,
			);
			name = Products;
			sourceTree = "<group>";
		};
		2032ACBD1F1548FA00A4015C /* EatUps */ = {
			isa = PBXGroup;
			children = (
				D8A82FEA1F15507E0053C1A1 /* View Controllers */,
				2032ACBE1F1548FA00A4015C /* AppDelegate.swift */,
				2032ACC01F1548FA00A4015C /* ViewController.swift */,
				2032ACC21F1548FA00A4015C /* Main.storyboard */,
				2032ACC51F1548FA00A4015C /* Assets.xcassets */,
				2032ACC71F1548FA00A4015C /* LaunchScreen.storyboard */,
				2032ACCA1F1548FA00A4015C /* Info.plist */,
			);
			path = EatUps;
			sourceTree = "<group>";
		};
		2032ACD21F1548FA00A4015C /* EatUpsTests */ = {
			isa = PBXGroup;
			children = (
				2032ACD31F1548FA00A4015C /* EatUpsTests.swift */,
				2032ACD51F1548FA00A4015C /* Info.plist */,
			);
			path = EatUpsTests;
			sourceTree = "<group>";
		};
		2032ACDD1F1548FA00A4015C /* EatUpsUITests */ = {
			isa = PBXGroup;
			children = (
				2032ACDE1F1548FA00A4015C /* EatUpsUITests.swift */,
				2032ACE01F1548FA00A4015C /* Info.plist */,
			);
			path = EatUpsUITests;
			sourceTree = "<group>";
		};
		82057D0228C96807EBB7511E /* Pods */ = {
			isa = PBXGroup;
			children = (
				BC478D15D68514DC49ED3C59 /* Pods-EatUps.debug.xcconfig */,
				E7D12FEC4E9F01F0EE5FEC0F /* Pods-EatUps.release.xcconfig */,
				A955751D6AE92A169F4EEEB7 /* Pods-EatUpsTests.debug.xcconfig */,
				331F0F4EB1393E79451631DF /* Pods-EatUpsTests.release.xcconfig */,
				1312C3651A0BED44631D9496 /* Pods-EatUpsUITests.debug.xcconfig */,
				D58244FF12EA8391989E4695 /* Pods-EatUpsUITests.release.xcconfig */,
			);
			name = Pods;
			sourceTree = "<group>";
		};
		BEC8669FB1BE6704A30C3DC8 /* Frameworks */ = {
			isa = PBXGroup;
			children = (
				73F38D920ADFD5A052C30A17 /* Pods_EatUps.framework */,
				3949A7A3F71F1417454C007A /* Pods_EatUpsTests.framework */,
				2A88B9A60B7A635EB5F03418 /* Pods_EatUpsUITests.framework */,
			);
			name = Frameworks;
			sourceTree = "<group>";
		};
		D8A82FEA1F15507E0053C1A1 /* View Controllers */ = {
			isa = PBXGroup;
			children = (
				D8A82FE61F154FC80053C1A1 /* LoginViewController.swift */,
				D8A82FE81F1550730053C1A1 /* SignUpViewController.swift */,
				D8A82FEB1F1552A40053C1A1 /* SelectLocationViewController.swift */,
				D8A82FED1F1553550053C1A1 /* UserFeedViewController.swift */,
				D8A82FEF1F1554AF0053C1A1 /* SendInviteViewController.swift */,
				D8A82FF11F1555DE0053C1A1 /* ResponseViewController.swift */,
				D8A82FF31F1573680053C1A1 /* ReceivedInviteViewController.swift */,
				D8A82FF51F1575800053C1A1 /* RatingViewController.swift */,
			);
			name = "View Controllers";
			sourceTree = "<group>";
		};
/* End PBXGroup section */

/* Begin PBXNativeTarget section */
		2032ACBA1F1548FA00A4015C /* EatUps */ = {
			isa = PBXNativeTarget;
			buildConfigurationList = 2032ACE31F1548FA00A4015C /* Build configuration list for PBXNativeTarget "EatUps" */;
			buildPhases = (
				6699AFD82DAE95EC28556F07 /* [CP] Check Pods Manifest.lock */,
				2032ACB71F1548FA00A4015C /* Sources */,
				2032ACB81F1548FA00A4015C /* Frameworks */,
				2032ACB91F1548FA00A4015C /* Resources */,
				B451B0F0AFD7AA8CE418C0E1 /* [CP] Embed Pods Frameworks */,
				6BC60108AD3C1B759AE2E55D /* [CP] Copy Pods Resources */,
			);
			buildRules = (
			);
			dependencies = (
			);
			name = EatUps;
			productName = EatUps;
			productReference = 2032ACBB1F1548FA00A4015C /* EatUps.app */;
			productType = "com.apple.product-type.application";
		};
		2032ACCE1F1548FA00A4015C /* EatUpsTests */ = {
			isa = PBXNativeTarget;
			buildConfigurationList = 2032ACE61F1548FA00A4015C /* Build configuration list for PBXNativeTarget "EatUpsTests" */;
			buildPhases = (
				61A8367EA1F941040D8A00F5 /* [CP] Check Pods Manifest.lock */,
				2032ACCB1F1548FA00A4015C /* Sources */,
				2032ACCC1F1548FA00A4015C /* Frameworks */,
				2032ACCD1F1548FA00A4015C /* Resources */,
				1AF3EF73D5E376F2172E4C6A /* [CP] Embed Pods Frameworks */,
				7E7B2048D76C30B13A4CF3FD /* [CP] Copy Pods Resources */,
			);
			buildRules = (
			);
			dependencies = (
				2032ACD11F1548FA00A4015C /* PBXTargetDependency */,
			);
			name = EatUpsTests;
			productName = EatUpsTests;
			productReference = 2032ACCF1F1548FA00A4015C /* EatUpsTests.xctest */;
			productType = "com.apple.product-type.bundle.unit-test";
		};
		2032ACD91F1548FA00A4015C /* EatUpsUITests */ = {
			isa = PBXNativeTarget;
			buildConfigurationList = 2032ACE91F1548FA00A4015C /* Build configuration list for PBXNativeTarget "EatUpsUITests" */;
			buildPhases = (
				2AFEBC94193E7028446AE826 /* [CP] Check Pods Manifest.lock */,
				2032ACD61F1548FA00A4015C /* Sources */,
				2032ACD71F1548FA00A4015C /* Frameworks */,
				2032ACD81F1548FA00A4015C /* Resources */,
				4C234611A42AC64EEE6C2DE9 /* [CP] Embed Pods Frameworks */,
				19EBFF564F1121E04D8CCB76 /* [CP] Copy Pods Resources */,
			);
			buildRules = (
			);
			dependencies = (
				2032ACDC1F1548FA00A4015C /* PBXTargetDependency */,
			);
			name = EatUpsUITests;
			productName = EatUpsUITests;
			productReference = 2032ACDA1F1548FA00A4015C /* EatUpsUITests.xctest */;
			productType = "com.apple.product-type.bundle.ui-testing";
		};
/* End PBXNativeTarget section */

/* Begin PBXProject section */
		2032ACB31F1548FA00A4015C /* Project object */ = {
			isa = PBXProject;
			attributes = {
				LastSwiftUpdateCheck = 0830;
				LastUpgradeCheck = 0830;
				ORGANIZATIONNAME = "John Abreu";
				TargetAttributes = {
					2032ACBA1F1548FA00A4015C = {
						CreatedOnToolsVersion = 8.3.2;
						DevelopmentTeam = 3CJT76PC4B;
						ProvisioningStyle = Automatic;
					};
					2032ACCE1F1548FA00A4015C = {
						CreatedOnToolsVersion = 8.3.2;
						DevelopmentTeam = 3CJT76PC4B;
						ProvisioningStyle = Automatic;
						TestTargetID = 2032ACBA1F1548FA00A4015C;
					};
					2032ACD91F1548FA00A4015C = {
						CreatedOnToolsVersion = 8.3.2;
						DevelopmentTeam = 3CJT76PC4B;
						ProvisioningStyle = Automatic;
						TestTargetID = 2032ACBA1F1548FA00A4015C;
					};
				};
			};
			buildConfigurationList = 2032ACB61F1548FA00A4015C /* Build configuration list for PBXProject "EatUps" */;
			compatibilityVersion = "Xcode 3.2";
			developmentRegion = English;
			hasScannedForEncodings = 0;
			knownRegions = (
				en,
				Base,
			);
			mainGroup = 2032ACB21F1548FA00A4015C;
			productRefGroup = 2032ACBC1F1548FA00A4015C /* Products */;
			projectDirPath = "";
			projectRoot = "";
			targets = (
				2032ACBA1F1548FA00A4015C /* EatUps */,
				2032ACCE1F1548FA00A4015C /* EatUpsTests */,
				2032ACD91F1548FA00A4015C /* EatUpsUITests */,
			);
		};
/* End PBXProject section */

/* Begin PBXResourcesBuildPhase section */
		2032ACB91F1548FA00A4015C /* Resources */ = {
			isa = PBXResourcesBuildPhase;
			buildActionMask = 2147483647;
			files = (
				2032ACC91F1548FA00A4015C /* LaunchScreen.storyboard in Resources */,
				2032ACC61F1548FA00A4015C /* Assets.xcassets in Resources */,
				2032ACC41F1548FA00A4015C /* Main.storyboard in Resources */,
			);
			runOnlyForDeploymentPostprocessing = 0;
		};
		2032ACCD1F1548FA00A4015C /* Resources */ = {
			isa = PBXResourcesBuildPhase;
			buildActionMask = 2147483647;
			files = (
			);
			runOnlyForDeploymentPostprocessing = 0;
		};
		2032ACD81F1548FA00A4015C /* Resources */ = {
			isa = PBXResourcesBuildPhase;
			buildActionMask = 2147483647;
			files = (
			);
			runOnlyForDeploymentPostprocessing = 0;
		};
/* End PBXResourcesBuildPhase section */

/* Begin PBXShellScriptBuildPhase section */
		19EBFF564F1121E04D8CCB76 /* [CP] Copy Pods Resources */ = {
			isa = PBXShellScriptBuildPhase;
			buildActionMask = 2147483647;
			files = (
			);
			inputPaths = (
			);
			name = "[CP] Copy Pods Resources";
			outputPaths = (
			);
			runOnlyForDeploymentPostprocessing = 0;
			shellPath = /bin/sh;
			shellScript = "\"${SRCROOT}/Pods/Target Support Files/Pods-EatUpsUITests/Pods-EatUpsUITests-resources.sh\"\n";
			showEnvVarsInLog = 0;
		};
		1AF3EF73D5E376F2172E4C6A /* [CP] Embed Pods Frameworks */ = {
			isa = PBXShellScriptBuildPhase;
			buildActionMask = 2147483647;
			files = (
			);
			inputPaths = (
			);
			name = "[CP] Embed Pods Frameworks";
			outputPaths = (
			);
			runOnlyForDeploymentPostprocessing = 0;
			shellPath = /bin/sh;
			shellScript = "\"${SRCROOT}/Pods/Target Support Files/Pods-EatUpsTests/Pods-EatUpsTests-frameworks.sh\"\n";
			showEnvVarsInLog = 0;
		};
		2AFEBC94193E7028446AE826 /* [CP] Check Pods Manifest.lock */ = {
			isa = PBXShellScriptBuildPhase;
			buildActionMask = 2147483647;
			files = (
			);
			inputPaths = (
			);
			name = "[CP] Check Pods Manifest.lock";
			outputPaths = (
			);
			runOnlyForDeploymentPostprocessing = 0;
			shellPath = /bin/sh;
			shellScript = "diff \"${PODS_PODFILE_DIR_PATH}/Podfile.lock\" \"${PODS_ROOT}/Manifest.lock\" > /dev/null\nif [ $? != 0 ] ; then\n    # print error to STDERR\n    echo \"error: The sandbox is not in sync with the Podfile.lock. Run 'pod install' or update your CocoaPods installation.\" >&2\n    exit 1\nfi\n";
			showEnvVarsInLog = 0;
		};
		4C234611A42AC64EEE6C2DE9 /* [CP] Embed Pods Frameworks */ = {
			isa = PBXShellScriptBuildPhase;
			buildActionMask = 2147483647;
			files = (
			);
			inputPaths = (
			);
			name = "[CP] Embed Pods Frameworks";
			outputPaths = (
			);
			runOnlyForDeploymentPostprocessing = 0;
			shellPath = /bin/sh;
			shellScript = "\"${SRCROOT}/Pods/Target Support Files/Pods-EatUpsUITests/Pods-EatUpsUITests-frameworks.sh\"\n";
			showEnvVarsInLog = 0;
		};
		61A8367EA1F941040D8A00F5 /* [CP] Check Pods Manifest.lock */ = {
			isa = PBXShellScriptBuildPhase;
			buildActionMask = 2147483647;
			files = (
			);
			inputPaths = (
			);
			name = "[CP] Check Pods Manifest.lock";
			outputPaths = (
			);
			runOnlyForDeploymentPostprocessing = 0;
			shellPath = /bin/sh;
			shellScript = "diff \"${PODS_PODFILE_DIR_PATH}/Podfile.lock\" \"${PODS_ROOT}/Manifest.lock\" > /dev/null\nif [ $? != 0 ] ; then\n    # print error to STDERR\n    echo \"error: The sandbox is not in sync with the Podfile.lock. Run 'pod install' or update your CocoaPods installation.\" >&2\n    exit 1\nfi\n";
			showEnvVarsInLog = 0;
		};
		6699AFD82DAE95EC28556F07 /* [CP] Check Pods Manifest.lock */ = {
			isa = PBXShellScriptBuildPhase;
			buildActionMask = 2147483647;
			files = (
			);
			inputPaths = (
			);
			name = "[CP] Check Pods Manifest.lock";
			outputPaths = (
			);
			runOnlyForDeploymentPostprocessing = 0;
			shellPath = /bin/sh;
			shellScript = "diff \"${PODS_PODFILE_DIR_PATH}/Podfile.lock\" \"${PODS_ROOT}/Manifest.lock\" > /dev/null\nif [ $? != 0 ] ; then\n    # print error to STDERR\n    echo \"error: The sandbox is not in sync with the Podfile.lock. Run 'pod install' or update your CocoaPods installation.\" >&2\n    exit 1\nfi\n";
			showEnvVarsInLog = 0;
		};
		6BC60108AD3C1B759AE2E55D /* [CP] Copy Pods Resources */ = {
			isa = PBXShellScriptBuildPhase;
			buildActionMask = 2147483647;
			files = (
			);
			inputPaths = (
			);
			name = "[CP] Copy Pods Resources";
			outputPaths = (
			);
			runOnlyForDeploymentPostprocessing = 0;
			shellPath = /bin/sh;
			shellScript = "\"${SRCROOT}/Pods/Target Support Files/Pods-EatUps/Pods-EatUps-resources.sh\"\n";
			showEnvVarsInLog = 0;
		};
		7E7B2048D76C30B13A4CF3FD /* [CP] Copy Pods Resources */ = {
			isa = PBXShellScriptBuildPhase;
			buildActionMask = 2147483647;
			files = (
			);
			inputPaths = (
			);
			name = "[CP] Copy Pods Resources";
			outputPaths = (
			);
			runOnlyForDeploymentPostprocessing = 0;
			shellPath = /bin/sh;
			shellScript = "\"${SRCROOT}/Pods/Target Support Files/Pods-EatUpsTests/Pods-EatUpsTests-resources.sh\"\n";
			showEnvVarsInLog = 0;
		};
		B451B0F0AFD7AA8CE418C0E1 /* [CP] Embed Pods Frameworks */ = {
			isa = PBXShellScriptBuildPhase;
			buildActionMask = 2147483647;
			files = (
			);
			inputPaths = (
			);
			name = "[CP] Embed Pods Frameworks";
			outputPaths = (
			);
			runOnlyForDeploymentPostprocessing = 0;
			shellPath = /bin/sh;
			shellScript = "\"${SRCROOT}/Pods/Target Support Files/Pods-EatUps/Pods-EatUps-frameworks.sh\"\n";
			showEnvVarsInLog = 0;
		};
/* End PBXShellScriptBuildPhase section */

/* Begin PBXSourcesBuildPhase section */
		2032ACB71F1548FA00A4015C /* Sources */ = {
			isa = PBXSourcesBuildPhase;
			buildActionMask = 2147483647;
			files = (
				D8A82FE71F154FC80053C1A1 /* LoginViewController.swift in Sources */,
				D8A82FF61F1575800053C1A1 /* RatingViewController.swift in Sources */,
				D8A82FEE1F1553550053C1A1 /* UserFeedViewController.swift in Sources */,
				D8A82FF01F1554AF0053C1A1 /* SendInviteViewController.swift in Sources */,
				2032ACC11F1548FA00A4015C /* ViewController.swift in Sources */,
				D8A82FF41F1573680053C1A1 /* ReceivedInviteViewController.swift in Sources */,
				D8A82FE91F1550730053C1A1 /* SignUpViewController.swift in Sources */,
				D8A82FF21F1555DE0053C1A1 /* ResponseViewController.swift in Sources */,
				D8A82FEC1F1552A40053C1A1 /* SelectLocationViewController.swift in Sources */,
				2032ACBF1F1548FA00A4015C /* AppDelegate.swift in Sources */,
			);
			runOnlyForDeploymentPostprocessing = 0;
		};
		2032ACCB1F1548FA00A4015C /* Sources */ = {
			isa = PBXSourcesBuildPhase;
			buildActionMask = 2147483647;
			files = (
				2032ACD41F1548FA00A4015C /* EatUpsTests.swift in Sources */,
			);
			runOnlyForDeploymentPostprocessing = 0;
		};
		2032ACD61F1548FA00A4015C /* Sources */ = {
			isa = PBXSourcesBuildPhase;
			buildActionMask = 2147483647;
			files = (
				2032ACDF1F1548FA00A4015C /* EatUpsUITests.swift in Sources */,
			);
			runOnlyForDeploymentPostprocessing = 0;
		};
/* End PBXSourcesBuildPhase section */

/* Begin PBXTargetDependency section */
		2032ACD11F1548FA00A4015C /* PBXTargetDependency */ = {
			isa = PBXTargetDependency;
			target = 2032ACBA1F1548FA00A4015C /* EatUps */;
			targetProxy = 2032ACD01F1548FA00A4015C /* PBXContainerItemProxy */;
		};
		2032ACDC1F1548FA00A4015C /* PBXTargetDependency */ = {
			isa = PBXTargetDependency;
			target = 2032ACBA1F1548FA00A4015C /* EatUps */;
			targetProxy = 2032ACDB1F1548FA00A4015C /* PBXContainerItemProxy */;
		};
/* End PBXTargetDependency section */

/* Begin PBXVariantGroup section */
		2032ACC21F1548FA00A4015C /* Main.storyboard */ = {
			isa = PBXVariantGroup;
			children = (
				2032ACC31F1548FA00A4015C /* Base */,
			);
			name = Main.storyboard;
			sourceTree = "<group>";
		};
		2032ACC71F1548FA00A4015C /* LaunchScreen.storyboard */ = {
			isa = PBXVariantGroup;
			children = (
				2032ACC81F1548FA00A4015C /* Base */,
			);
			name = LaunchScreen.storyboard;
			sourceTree = "<group>";
		};
/* End PBXVariantGroup section */

/* Begin XCBuildConfiguration section */
		2032ACE11F1548FA00A4015C /* Debug */ = {
			isa = XCBuildConfiguration;
			buildSettings = {
				ALWAYS_SEARCH_USER_PATHS = NO;
				CLANG_ANALYZER_NONNULL = YES;
				CLANG_ANALYZER_NUMBER_OBJECT_CONVERSION = YES_AGGRESSIVE;
				CLANG_CXX_LANGUAGE_STANDARD = "gnu++0x";
				CLANG_CXX_LIBRARY = "libc++";
				CLANG_ENABLE_MODULES = YES;
				CLANG_ENABLE_OBJC_ARC = YES;
				CLANG_WARN_BOOL_CONVERSION = YES;
				CLANG_WARN_CONSTANT_CONVERSION = YES;
				CLANG_WARN_DIRECT_OBJC_ISA_USAGE = YES_ERROR;
				CLANG_WARN_DOCUMENTATION_COMMENTS = YES;
				CLANG_WARN_EMPTY_BODY = YES;
				CLANG_WARN_ENUM_CONVERSION = YES;
				CLANG_WARN_INFINITE_RECURSION = YES;
				CLANG_WARN_INT_CONVERSION = YES;
				CLANG_WARN_OBJC_ROOT_CLASS = YES_ERROR;
				CLANG_WARN_SUSPICIOUS_MOVE = YES;
				CLANG_WARN_UNREACHABLE_CODE = YES;
				CLANG_WARN__DUPLICATE_METHOD_MATCH = YES;
				"CODE_SIGN_IDENTITY[sdk=iphoneos*]" = "iPhone Developer";
				COPY_PHASE_STRIP = NO;
				DEBUG_INFORMATION_FORMAT = dwarf;
				ENABLE_STRICT_OBJC_MSGSEND = YES;
				ENABLE_TESTABILITY = YES;
				GCC_C_LANGUAGE_STANDARD = gnu99;
				GCC_DYNAMIC_NO_PIC = NO;
				GCC_NO_COMMON_BLOCKS = YES;
				GCC_OPTIMIZATION_LEVEL = 0;
				GCC_PREPROCESSOR_DEFINITIONS = (
					"DEBUG=1",
					"$(inherited)",
				);
				GCC_WARN_64_TO_32_BIT_CONVERSION = YES;
				GCC_WARN_ABOUT_RETURN_TYPE = YES_ERROR;
				GCC_WARN_UNDECLARED_SELECTOR = YES;
				GCC_WARN_UNINITIALIZED_AUTOS = YES_AGGRESSIVE;
				GCC_WARN_UNUSED_FUNCTION = YES;
				GCC_WARN_UNUSED_VARIABLE = YES;
				IPHONEOS_DEPLOYMENT_TARGET = 10.3;
				MTL_ENABLE_DEBUG_INFO = YES;
				ONLY_ACTIVE_ARCH = YES;
				SDKROOT = iphoneos;
				SWIFT_ACTIVE_COMPILATION_CONDITIONS = DEBUG;
				SWIFT_OPTIMIZATION_LEVEL = "-Onone";
			};
			name = Debug;
		};
		2032ACE21F1548FA00A4015C /* Release */ = {
			isa = XCBuildConfiguration;
			buildSettings = {
				ALWAYS_SEARCH_USER_PATHS = NO;
				CLANG_ANALYZER_NONNULL = YES;
				CLANG_ANALYZER_NUMBER_OBJECT_CONVERSION = YES_AGGRESSIVE;
				CLANG_CXX_LANGUAGE_STANDARD = "gnu++0x";
				CLANG_CXX_LIBRARY = "libc++";
				CLANG_ENABLE_MODULES = YES;
				CLANG_ENABLE_OBJC_ARC = YES;
				CLANG_WARN_BOOL_CONVERSION = YES;
				CLANG_WARN_CONSTANT_CONVERSION = YES;
				CLANG_WARN_DIRECT_OBJC_ISA_USAGE = YES_ERROR;
				CLANG_WARN_DOCUMENTATION_COMMENTS = YES;
				CLANG_WARN_EMPTY_BODY = YES;
				CLANG_WARN_ENUM_CONVERSION = YES;
				CLANG_WARN_INFINITE_RECURSION = YES;
				CLANG_WARN_INT_CONVERSION = YES;
				CLANG_WARN_OBJC_ROOT_CLASS = YES_ERROR;
				CLANG_WARN_SUSPICIOUS_MOVE = YES;
				CLANG_WARN_UNREACHABLE_CODE = YES;
				CLANG_WARN__DUPLICATE_METHOD_MATCH = YES;
				"CODE_SIGN_IDENTITY[sdk=iphoneos*]" = "iPhone Developer";
				COPY_PHASE_STRIP = NO;
				DEBUG_INFORMATION_FORMAT = "dwarf-with-dsym";
				ENABLE_NS_ASSERTIONS = NO;
				ENABLE_STRICT_OBJC_MSGSEND = YES;
				GCC_C_LANGUAGE_STANDARD = gnu99;
				GCC_NO_COMMON_BLOCKS = YES;
				GCC_WARN_64_TO_32_BIT_CONVERSION = YES;
				GCC_WARN_ABOUT_RETURN_TYPE = YES_ERROR;
				GCC_WARN_UNDECLARED_SELECTOR = YES;
				GCC_WARN_UNINITIALIZED_AUTOS = YES_AGGRESSIVE;
				GCC_WARN_UNUSED_FUNCTION = YES;
				GCC_WARN_UNUSED_VARIABLE = YES;
				IPHONEOS_DEPLOYMENT_TARGET = 10.3;
				MTL_ENABLE_DEBUG_INFO = NO;
				SDKROOT = iphoneos;
				SWIFT_OPTIMIZATION_LEVEL = "-Owholemodule";
				VALIDATE_PRODUCT = YES;
			};
			name = Release;
		};
		2032ACE41F1548FA00A4015C /* Debug */ = {
			isa = XCBuildConfiguration;
			baseConfigurationReference = BC478D15D68514DC49ED3C59 /* Pods-EatUps.debug.xcconfig */;
			buildSettings = {
				ASSETCATALOG_COMPILER_APPICON_NAME = AppIcon;
				DEVELOPMENT_TEAM = 3CJT76PC4B;
				INFOPLIST_FILE = EatUps/Info.plist;
				LD_RUNPATH_SEARCH_PATHS = "$(inherited) @executable_path/Frameworks";
				PRODUCT_BUNDLE_IDENTIFIER = com.abreuboom.EatUps;
				PRODUCT_NAME = "$(TARGET_NAME)";
				SWIFT_VERSION = 3.0;
			};
			name = Debug;
		};
		2032ACE51F1548FA00A4015C /* Release */ = {
			isa = XCBuildConfiguration;
			baseConfigurationReference = E7D12FEC4E9F01F0EE5FEC0F /* Pods-EatUps.release.xcconfig */;
			buildSettings = {
				ASSETCATALOG_COMPILER_APPICON_NAME = AppIcon;
				DEVELOPMENT_TEAM = 3CJT76PC4B;
				INFOPLIST_FILE = EatUps/Info.plist;
				LD_RUNPATH_SEARCH_PATHS = "$(inherited) @executable_path/Frameworks";
				PRODUCT_BUNDLE_IDENTIFIER = com.abreuboom.EatUps;
				PRODUCT_NAME = "$(TARGET_NAME)";
				SWIFT_VERSION = 3.0;
			};
			name = Release;
		};
		2032ACE71F1548FA00A4015C /* Debug */ = {
			isa = XCBuildConfiguration;
			baseConfigurationReference = A955751D6AE92A169F4EEEB7 /* Pods-EatUpsTests.debug.xcconfig */;
			buildSettings = {
				ALWAYS_EMBED_SWIFT_STANDARD_LIBRARIES = YES;
				BUNDLE_LOADER = "$(TEST_HOST)";
				DEVELOPMENT_TEAM = 3CJT76PC4B;
				INFOPLIST_FILE = EatUpsTests/Info.plist;
				LD_RUNPATH_SEARCH_PATHS = "$(inherited) @executable_path/Frameworks @loader_path/Frameworks";
				PRODUCT_BUNDLE_IDENTIFIER = com.abreuboom.EatUpsTests;
				PRODUCT_NAME = "$(TARGET_NAME)";
				SWIFT_VERSION = 3.0;
				TEST_HOST = "$(BUILT_PRODUCTS_DIR)/EatUps.app/EatUps";
			};
			name = Debug;
		};
		2032ACE81F1548FA00A4015C /* Release */ = {
			isa = XCBuildConfiguration;
			baseConfigurationReference = 331F0F4EB1393E79451631DF /* Pods-EatUpsTests.release.xcconfig */;
			buildSettings = {
				ALWAYS_EMBED_SWIFT_STANDARD_LIBRARIES = YES;
				BUNDLE_LOADER = "$(TEST_HOST)";
				DEVELOPMENT_TEAM = 3CJT76PC4B;
				INFOPLIST_FILE = EatUpsTests/Info.plist;
				LD_RUNPATH_SEARCH_PATHS = "$(inherited) @executable_path/Frameworks @loader_path/Frameworks";
				PRODUCT_BUNDLE_IDENTIFIER = com.abreuboom.EatUpsTests;
				PRODUCT_NAME = "$(TARGET_NAME)";
				SWIFT_VERSION = 3.0;
				TEST_HOST = "$(BUILT_PRODUCTS_DIR)/EatUps.app/EatUps";
			};
			name = Release;
		};
		2032ACEA1F1548FA00A4015C /* Debug */ = {
			isa = XCBuildConfiguration;
			baseConfigurationReference = 1312C3651A0BED44631D9496 /* Pods-EatUpsUITests.debug.xcconfig */;
			buildSettings = {
				ALWAYS_EMBED_SWIFT_STANDARD_LIBRARIES = YES;
				DEVELOPMENT_TEAM = 3CJT76PC4B;
				INFOPLIST_FILE = EatUpsUITests/Info.plist;
				LD_RUNPATH_SEARCH_PATHS = "$(inherited) @executable_path/Frameworks @loader_path/Frameworks";
				PRODUCT_BUNDLE_IDENTIFIER = com.abreuboom.EatUpsUITests;
				PRODUCT_NAME = "$(TARGET_NAME)";
				SWIFT_VERSION = 3.0;
				TEST_TARGET_NAME = EatUps;
			};
			name = Debug;
		};
		2032ACEB1F1548FA00A4015C /* Release */ = {
			isa = XCBuildConfiguration;
			baseConfigurationReference = D58244FF12EA8391989E4695 /* Pods-EatUpsUITests.release.xcconfig */;
			buildSettings = {
				ALWAYS_EMBED_SWIFT_STANDARD_LIBRARIES = YES;
				DEVELOPMENT_TEAM = 3CJT76PC4B;
				INFOPLIST_FILE = EatUpsUITests/Info.plist;
				LD_RUNPATH_SEARCH_PATHS = "$(inherited) @executable_path/Frameworks @loader_path/Frameworks";
				PRODUCT_BUNDLE_IDENTIFIER = com.abreuboom.EatUpsUITests;
				PRODUCT_NAME = "$(TARGET_NAME)";
				SWIFT_VERSION = 3.0;
				TEST_TARGET_NAME = EatUps;
			};
			name = Release;
		};
/* End XCBuildConfiguration section */

/* Begin XCConfigurationList section */
		2032ACB61F1548FA00A4015C /* Build configuration list for PBXProject "EatUps" */ = {
			isa = XCConfigurationList;
			buildConfigurations = (
				2032ACE11F1548FA00A4015C /* Debug */,
				2032ACE21F1548FA00A4015C /* Release */,
			);
			defaultConfigurationIsVisible = 0;
			defaultConfigurationName = Release;
		};
		2032ACE31F1548FA00A4015C /* Build configuration list for PBXNativeTarget "EatUps" */ = {
			isa = XCConfigurationList;
			buildConfigurations = (
				2032ACE41F1548FA00A4015C /* Debug */,
				2032ACE51F1548FA00A4015C /* Release */,
			);
			defaultConfigurationIsVisible = 0;
			defaultConfigurationName = Release;
		};
		2032ACE61F1548FA00A4015C /* Build configuration list for PBXNativeTarget "EatUpsTests" */ = {
			isa = XCConfigurationList;
			buildConfigurations = (
				2032ACE71F1548FA00A4015C /* Debug */,
				2032ACE81F1548FA00A4015C /* Release */,
			);
			defaultConfigurationIsVisible = 0;
			defaultConfigurationName = Release;
		};
		2032ACE91F1548FA00A4015C /* Build configuration list for PBXNativeTarget "EatUpsUITests" */ = {
			isa = XCConfigurationList;
			buildConfigurations = (
				2032ACEA1F1548FA00A4015C /* Debug */,
				2032ACEB1F1548FA00A4015C /* Release */,
			);
			defaultConfigurationIsVisible = 0;
			defaultConfigurationName = Release;
		};
/* End XCConfigurationList section */
	};
	rootObject = 2032ACB31F1548FA00A4015C /* Project object */;
}
